
Microsoft Visual Studio Solution File, Format Version 12.00
# Visual Studio 15
Project("{FAE04EC0-301F-11D3-BF4B-00C04F79EFBC}") = "Repaso20", "Repaso20\Repaso20.csproj", "{297B2E8F-70C6-4E64-93F1-D30A598F56F6}"
EndProject
Global
	GlobalSection(SolutionConfigurationPlatforms) = preSolution
		Debug|anycpu = Debug|anycpu
		Release|anycpu = Release|anycpu
	EndGlobalSection
	GlobalSection(ProjectConfigurationPlatforms) = postSolution
		{297B2E8F-70C6-4E64-93F1-D30A598F56F6}.Debug|anycpu.ActiveCfg = Debug|anycpu
		{297B2E8F-70C6-4E64-93F1-D30A598F56F6}.Debug|anycpu.Build.0 = Debug|anycpu
		{297B2E8F-70C6-4E64-93F1-D30A598F56F6}.Release|anycpu.ActiveCfg = Release|anycpu
		{297B2E8F-70C6-4E64-93F1-D30A598F56F6}.Release|anycpu.Build.0 = Release|anycpu
	EndGlobalSection
EndGlobal
